github.com/go-ole/go-ole v1.3.0 h1:Dt6ye7+vXGIKZ7Xtk4s6/xVdGDQynvom7xCFEdWr6uE=
github.com/go-ole/go-ole v1.3.0/go.mod h1:5LS6F96DhAwUc7C+1HLexzMXY1xGRSryjyPPKW6zv78=
github.com/scjalliance/comshim v0.0.0-20190308082608-cf06d2532c4e h1:+/AzLkOdIXEPrAQtwAeWOBnPQ0BnYlBW0aCZmSb47u4=
github.com/scjalliance/comshim v0.0.0-20190308082608-cf06d2532c4e/go.mod h1:9Tc1SKnfACJb9N7cw2eyuI6xzy845G7uZONBsi5uPEA=
golang.org/x/sys v0.1.0 h1:kunALQeHf1/185U1i0GOB/fy1IPRDDpuoOOqRReG57U=
golang.org/x/sys v0.1.0/go.mod h1:oPkhp1MJrh7nUepCBck5+mAzfO9JrbApNNgaTdGDITg=
